# THIS IS AN AUTOGENERATED FILE. DO NOT EDIT THIS FILE DIRECTLY.
# yarn lockfile v1


"@kurkle/color@^0.3.0":
  version "0.3.2"
  resolved "https://registry.yarnpkg.com/@kurkle/color/-/color-0.3.2.tgz#5acd38242e8bde4f9986e7913c8fdf49d3aa199f"
  integrity sha512-fuscdXJ9G1qb7W8VdHi+IwRqij3lBkosAm4ydQtEmbY58OzHXqQhvlxqEkoz0yssNVn38bcpRWgA9PP+OGoisw==

"@next/env@13.2.5-canary.12":
  version "13.2.5-canary.12"
  resolved "https://registry.yarnpkg.com/@next/env/-/env-13.2.5-canary.12.tgz#37a2e8721adc78ee9def5dfd552e3d8c9b2c537d"
  integrity sha512-o/W+EXzUXri/uS0LUTLAWwjoCt2tSoyhqIMZRtgN2rmDeASyl3QgY3jkur6g4LzzXJn+m8ZxTX/4i+MmoP+KEQ==

"@next/swc-darwin-arm64@13.2.5-canary.12":
  version "13.2.5-canary.12"
  resolved "https://registry.yarnpkg.com/@next/swc-darwin-arm64/-/swc-darwin-arm64-13.2.5-canary.12.tgz#fced7ce9d5363e8b81b91a71c2cdb77d6f0285cf"
  integrity sha512-VrrOSQ58JhbrXuJZUE6XR7Sh5XQeT9xTXYNgjFS7igX2TKUafDPkgBTAjqJB+XCgvsJceRRsJsbo+WeDqyhBjQ==

"@next/swc-darwin-x64@13.2.5-canary.12":
  version "13.2.5-canary.12"
  resolved "https://registry.yarnpkg.com/@next/swc-darwin-x64/-/swc-darwin-x64-13.2.5-canary.12.tgz#81d8bd0c6065d466894512af663ce696d17a33c4"
  integrity sha512-LO55UrRd2CPE61dAdmmTI/91+rLHp5T4OGp2Lhlm7RDCYU4n7WpdZ3tUwCdqUVvtwK30Cm6io717zCrRgx9Pgg==

"@next/swc-linux-arm64-gnu@13.2.5-canary.12":
  version "13.2.5-canary.12"
  resolved "https://registry.yarnpkg.com/@next/swc-linux-arm64-gnu/-/swc-linux-arm64-gnu-13.2.5-canary.12.tgz#44a2d0e182e466f6b9a0c82a9ea8014b5e90a802"
  integrity sha512-byVn380Tr2XiVY/ZGAOHbXkTNfRFyhOQZFxoliOd5wvzM7eV+gtf2NfaGCFn0QYoaNqI8ZZdVPXHSSKRfrlFzA==

"@next/swc-linux-arm64-musl@13.2.5-canary.12":
  version "13.2.5-canary.12"
  resolved "https://registry.yarnpkg.com/@next/swc-linux-arm64-musl/-/swc-linux-arm64-musl-13.2.5-canary.12.tgz#bb349326af2bdb8e076797570a4a230efffe8bbe"
  integrity sha512-Y9WnAZrfYUC2CfQiiPvokpSsNUXIFzGxzNgRNzF04E6EGxYrgR1gS8r34enM+1d0gJkn7h032qUwMVlyl6yBEA==

"@next/swc-linux-x64-gnu@13.2.5-canary.12":
  version "13.2.5-canary.12"
  resolved "https://registry.yarnpkg.com/@next/swc-linux-x64-gnu/-/swc-linux-x64-gnu-13.2.5-canary.12.tgz#2e27519ffdbd80d0ec685f0016deb63144e7738e"
  integrity sha512-DqFtMCdnW9y61/g6MUvCt7SWECYYLkMczKSyy4yyzIblyyzAtdJuJg5v6mTQG5sKVFgiMXnKW2/jh6HKy23W2g==

"@next/swc-linux-x64-musl@13.2.5-canary.12":
  version "13.2.5-canary.12"
  resolved "https://registry.yarnpkg.com/@next/swc-linux-x64-musl/-/swc-linux-x64-musl-13.2.5-canary.12.tgz#d948e8009e603a17b86a75427a03658342ee5053"
  integrity sha512-dXmuxJxuOK0BaeQ46VGl9pyG4pfLT8xE2+f40eofP8BOVZpQJ2hktyXRYdUp558fZ4QtcE8EWDrEBCF4vVV7ug==

"@next/swc-win32-arm64-msvc@13.2.5-canary.12":
  version "13.2.5-canary.12"
  resolved "https://registry.yarnpkg.com/@next/swc-win32-arm64-msvc/-/swc-win32-arm64-msvc-13.2.5-canary.12.tgz#562fdb87b078be8bec8727defe4b2d4e90a0dcc3"
  integrity sha512-lynZHkStzNbg2XGnf92SsR07Ysg3MLnZTEWN6TzkUeTyY+JN3t8oVe29WOeFFubeYavFA8Q93sVU6Hl5YIgZDw==

"@next/swc-win32-ia32-msvc@13.2.5-canary.12":
  version "13.2.5-canary.12"
  resolved "https://registry.yarnpkg.com/@next/swc-win32-ia32-msvc/-/swc-win32-ia32-msvc-13.2.5-canary.12.tgz#3cc3a3e5c5185b971707703d7b938b2b3c2b34b3"
  integrity sha512-g3+fjg34HMXNfG48srHw3AMkOgGLQSLpMLXTFjjfpfdpJ9ydZYXllsQgjQmyGrhGCWBpoiZOkTWGy3lbKXI1qw==

"@next/swc-win32-x64-msvc@13.2.5-canary.12":
  version "13.2.5-canary.12"
  resolved "https://registry.yarnpkg.com/@next/swc-win32-x64-msvc/-/swc-win32-x64-msvc-13.2.5-canary.12.tgz#840bb261108b31e53a625d436fa131c1d61a6906"
  integrity sha512-BqFzQwMEl/Pl9YpGKt2uPaQLWwKCBe+LhQMnQZpHBgbHfCtkYDkS+z3yheVWho+AtVRUwjNFlL3u0JLrYZuFEA==

"@swc/helpers@0.4.14":
  version "0.4.14"
  resolved "https://registry.yarnpkg.com/@swc/helpers/-/helpers-0.4.14.tgz#1352ac6d95e3617ccb7c1498ff019654f1e12a74"
  integrity sha512-4C7nX/dvpzB7za4Ql9K81xK3HPxCpHMgwTZVyf+9JQ6VUbn9jjZVN7/Nkdz/Ugzs2CSjqnL/UPXroiVBVHUWUw==
  dependencies:
    tslib "^2.4.0"

"@types/node@>=8.0.0 <15":
  version "14.18.40"
  resolved "https://registry.yarnpkg.com/@types/node/-/node-14.18.40.tgz#773945366f7531d60473087be12b819f300e3e69"
  integrity sha512-pGteXO/JQX7wPxGR8lyT+doqjMa7XvlVowwrDwLfX92k5SdLkk4cwC7CYSLBxrenw/R5oQwKioVIak7ZgplM3g==

abort-controller@^3.0.0:
  version "3.0.0"
  resolved "https://registry.yarnpkg.com/abort-controller/-/abort-controller-3.0.0.tgz#eaf54d53b62bae4138e809ca225c8439a6efb392"
  integrity sha512-h8lQ8tacZYnR3vNQTgibj+tODHI5/+l06Au2Pcriv/Gmet0eaj4TwWH41sO9wnHDiQsEj19q0drzdWdeAHtweg==
  dependencies:
    event-target-shim "^5.0.0"

abortcontroller-polyfill@^1.4.0:
  version "1.7.5"
  resolved "https://registry.yarnpkg.com/abortcontroller-polyfill/-/abortcontroller-polyfill-1.7.5.tgz#6738495f4e901fbb57b6c0611d0c75f76c485bed"
  integrity sha512-JMJ5soJWP18htbbxJjG7bG6yuI6pRhgJ0scHHTfkUjf6wjP912xZWvM+A4sJK3gqd9E8fcPbDnOefbA9Th/FIQ==

airtable@^0.11.6:
  version "0.11.6"
  resolved "https://registry.yarnpkg.com/airtable/-/airtable-0.11.6.tgz#3b90f9c671ee93c4ad647eb131d630dea9f1f84a"
  integrity sha512-Na67L2TO1DflIJ1yOGhQG5ilMfL2beHpsR+NW/jhaYOa4QcoxZOtDFs08cpSd1tBMsLpz5/rrz/VMX/pGL/now==
  dependencies:
    "@types/node" ">=8.0.0 <15"
    abort-controller "^3.0.0"
    abortcontroller-polyfill "^1.4.0"
    lodash "^4.17.21"
    node-fetch "^2.6.7"

busboy@^1.6.0:
  version "1.6.0"
  resolved "https://registry.yarnpkg.com/busboy/-/busboy-1.6.0.tgz#966ea36a9502e43cdb9146962523b92f531f6893"
  integrity sha512-8SFQbg/0hQ9xy3UNTB0YEnsNBbWfhf7RtnzpL7TkBiTBRfrQ9Fxcnz7VJsleJpyp6rVLvXiuORqjlHi5q+PYuA==
  dependencies:
    streamsearch "^1.1.0"

caniuse-lite@^1.0.30001406:
  version "1.0.30001469"
  resolved "https://registry.yarnpkg.com/caniuse-lite/-/caniuse-lite-1.0.30001469.tgz#3dd505430c8522fdc9f94b4a19518e330f5c945a"
  integrity sha512-Rcp7221ScNqQPP3W+lVOYDyjdR6dC+neEQCttoNr5bAyz54AboB4iwpnWgyi8P4YUsPybVzT4LgWiBbI3drL4g==

chart.js@^4.2.1:
  version "4.2.1"
  resolved "https://registry.yarnpkg.com/chart.js/-/chart.js-4.2.1.tgz#d2bd5c98e9a0ae35408975b638f40513b067ba1d"
  integrity sha512-6YbpQ0nt3NovAgOzbkSSeeAQu/3za1319dPUQTXn9WcOpywM8rGKxJHrhS8V8xEkAlk8YhEfjbuAPfUyp6jIsw==
  dependencies:
    "@kurkle/color" "^0.3.0"

chartjs-plugin-annotation@^2.2.1:
  version "2.2.1"
  resolved "https://registry.yarnpkg.com/chartjs-plugin-annotation/-/chartjs-plugin-annotation-2.2.1.tgz#b7c359e46814b27632d9648584435d64c183427c"
  integrity sha512-RL9UtrFr2SXd7C47zD0MZqn6ZLgrcRt3ySC6cYal2amBdANcYB1QcwFXcpKWAYnO4SGJYRok7P5rKDDNgJMA/w==

client-only@0.0.1:
  version "0.0.1"
  resolved "https://registry.yarnpkg.com/client-only/-/client-only-0.0.1.tgz#38bba5d403c41ab150bff64a95c85013cf73bca1"
  integrity sha512-IV3Ou0jSMzZrd3pZ48nLkT9DA7Ag1pnPzaiQhpW7c3RbcqqzvzzVu+L8gfqMp/8IM2MQtSiqaCxrrcfu8I8rMA==

date-fns@^2.29.3:
  version "2.29.3"
  resolved "https://registry.yarnpkg.com/date-fns/-/date-fns-2.29.3.tgz#27402d2fc67eb442b511b70bbdf98e6411cd68a8"
  integrity sha512-dDCnyH2WnnKusqvZZ6+jA1O51Ibt8ZMRNkDZdyAyK4YfbDwa/cEmuztzG5pk6hqlp9aSBPYcjOlktquahGwGeA==

dotenv@^16.0.3:
  version "16.0.3"
  resolved "https://registry.yarnpkg.com/dotenv/-/dotenv-16.0.3.tgz#115aec42bac5053db3c456db30cc243a5a836a07"
  integrity sha512-7GO6HghkA5fYG9TYnNxi14/7K9f5occMlp3zXAuSxn7CKCxt9xbNWG7yF8hTCSUchlfWSe3uLmlPfigevRItzQ==

event-target-shim@^5.0.0:
  version "5.0.1"
  resolved "https://registry.yarnpkg.com/event-target-shim/-/event-target-shim-5.0.1.tgz#5d4d3ebdf9583d63a5333ce2deb7480ab2b05789"
  integrity sha512-i/2XbnSz/uxRCU6+NdVJgKWDTM427+MqYbkQzD321DuCQJUqOuJKIA0IM2+W2xtYHdKOmZ4dR6fExsd4SXL+WQ==

"js-tokens@^3.0.0 || ^4.0.0":
  version "4.0.0"
  resolved "https://registry.yarnpkg.com/js-tokens/-/js-tokens-4.0.0.tgz#19203fb59991df98e3a287050d4647cdeaf32499"
  integrity sha512-RdJUflcE3cUzKiMqQgsCu06FPu9UdIJO0beYbPhHN4k6apgJtifcoCtT9bcxOpYBtpD2kCM6Sbzg4CausW/PKQ==

lodash@^4.17.21:
  version "4.17.21"
  resolved "https://registry.yarnpkg.com/lodash/-/lodash-4.17.21.tgz#679591c564c3bffaae8454cf0b3df370c3d6911c"
  integrity sha512-v2kDEe57lecTulaDIuNTPy3Ry4gLGJ6Z1O3vE1krgXZNrsQ+LFTGHVxVjcXPs17LhbZVGedAJv8XZ1tvj5FvSg==

loose-envify@^1.1.0:
  version "1.4.0"
  resolved "https://registry.yarnpkg.com/loose-envify/-/loose-envify-1.4.0.tgz#71ee51fa7be4caec1a63839f7e682d8132d30caf"
  integrity sha512-lyuxPGr/Wfhrlem2CL/UcnUc1zcqKAImBDzukY7Y5F/yQiNdko6+fRLevlw1HgMySw7f611UIY408EtxRSoK3Q==
  dependencies:
    js-tokens "^3.0.0 || ^4.0.0"

nanoid@^3.3.4:
  version "3.3.4"
  resolved "https://registry.yarnpkg.com/nanoid/-/nanoid-3.3.4.tgz#730b67e3cd09e2deacf03c027c81c9d9dbc5e8ab"
  integrity sha512-MqBkQh/OHTS2egovRtLk45wEyNXwF+cokD+1YPf9u5VfJiRdAiRwB2froX5Co9Rh20xs4siNPm8naNotSD6RBw==

next@^13.2.5-canary.12:
  version "13.2.5-canary.12"
  resolved "https://registry.yarnpkg.com/next/-/next-13.2.5-canary.12.tgz#3c2662875a0e65ee90d587c5f86e194cc35147ce"
  integrity sha512-yzif0sTauMbGHEUoYSWVE6hqUVB6jFU5oOJdr2zt2453wuq8GeVkauf5WDQwGmDY8nEeHSVNWj31QiK0XN0INA==
  dependencies:
    "@next/env" "13.2.5-canary.12"
    "@swc/helpers" "0.4.14"
    caniuse-lite "^1.0.30001406"
    postcss "8.4.14"
    styled-jsx "5.1.1"
  optionalDependencies:
    "@next/swc-darwin-arm64" "13.2.5-canary.12"
    "@next/swc-darwin-x64" "13.2.5-canary.12"
    "@next/swc-linux-arm64-gnu" "13.2.5-canary.12"
    "@next/swc-linux-arm64-musl" "13.2.5-canary.12"
    "@next/swc-linux-x64-gnu" "13.2.5-canary.12"
    "@next/swc-linux-x64-musl" "13.2.5-canary.12"
    "@next/swc-win32-arm64-msvc" "13.2.5-canary.12"
    "@next/swc-win32-ia32-msvc" "13.2.5-canary.12"
    "@next/swc-win32-x64-msvc" "13.2.5-canary.12"

node-fetch@^2.6.7:
  version "2.6.9"
  resolved "https://registry.yarnpkg.com/node-fetch/-/node-fetch-2.6.9.tgz#7c7f744b5cc6eb5fd404e0c7a9fec630a55657e6"
  integrity sha512-DJm/CJkZkRjKKj4Zi4BsKVZh3ValV5IR5s7LVZnW+6YMh0W1BfNA8XSs6DLMGYlId5F3KnA70uu2qepcR08Qqg==
  dependencies:
    whatwg-url "^5.0.0"

picocolors@^1.0.0:
  version "1.0.0"
  resolved "https://registry.yarnpkg.com/picocolors/-/picocolors-1.0.0.tgz#cb5bdc74ff3f51892236eaf79d68bc44564ab81c"
  integrity sha512-1fygroTLlHu66zi26VoTDv8yRgm0Fccecssto+MhsZ0D/DGW2sm8E8AjW7NU5VVTRt5GxbeZ5qBuJr+HyLYkjQ==

postcss@8.4.14:
  version "8.4.14"
  resolved "https://registry.yarnpkg.com/postcss/-/postcss-8.4.14.tgz#ee9274d5622b4858c1007a74d76e42e56fd21caf"
  integrity sha512-E398TUmfAYFPBSdzgeieK2Y1+1cpdxJx8yXbK/m57nRhKSmk1GB2tO4lbLBtlkfPQTDKfe4Xqv1ASWPpayPEig==
  dependencies:
    nanoid "^3.3.4"
    picocolors "^1.0.0"
    source-map-js "^1.0.2"

react-chartjs-2@^5.2.0:
  version "5.2.0"
  resolved "https://registry.yarnpkg.com/react-chartjs-2/-/react-chartjs-2-5.2.0.tgz#43c1e3549071c00a1a083ecbd26c1ad34d385f5d"
  integrity sha512-98iN5aguJyVSxp5U3CblRLH67J8gkfyGNbiK3c+l1QI/G4irHMPQw44aEPmjVag+YKTyQ260NcF82GTQ3bdscA==

react-dom@^18.2.0:
  version "18.2.0"
  resolved "https://registry.yarnpkg.com/react-dom/-/react-dom-18.2.0.tgz#22aaf38708db2674ed9ada224ca4aa708d821e3d"
  integrity sha512-6IMTriUmvsjHUjNtEDudZfuDQUoWXVxKHhlEGSk81n4YFS+r/Kl99wXiwlVXtPBtJenozv2P+hxDsw9eA7Xo6g==
  dependencies:
    loose-envify "^1.1.0"
    scheduler "^0.23.0"

react-icons@^4.8.0:
  version "4.8.0"
  resolved "https://registry.yarnpkg.com/react-icons/-/react-icons-4.8.0.tgz#621e900caa23b912f737e41be57f27f6b2bff445"
  integrity sha512-N6+kOLcihDiAnj5Czu637waJqSnwlMNROzVZMhfX68V/9bu9qHaMIJC4UdozWoOk57gahFCNHwVvWzm0MTzRjg==

react@^18.2.0:
  version "18.2.0"
  resolved "https://registry.yarnpkg.com/react/-/react-18.2.0.tgz#555bd98592883255fa00de14f1151a917b5d77d5"
  integrity sha512-/3IjMdb2L9QbBdWiW5e3P2/npwMBaU9mHCSCUzNln0ZCYbcfTsGbTJrU/kGemdH2IWmB2ioZ+zkxtmq6g09fGQ==
  dependencies:
    loose-envify "^1.1.0"

scheduler@^0.23.0:
  version "0.23.0"
  resolved "https://registry.yarnpkg.com/scheduler/-/scheduler-0.23.0.tgz#ba8041afc3d30eb206a487b6b384002e4e61fdfe"
  integrity sha512-CtuThmgHNg7zIZWAXi3AsyIzA3n4xx7aNyjwC2VJldO2LMVDhFK+63xGqq6CsJH4rTAt6/M+N4GhZiDYPx9eUw==
  dependencies:
    loose-envify "^1.1.0"

source-map-js@^1.0.2:
  version "1.0.2"
  resolved "https://registry.yarnpkg.com/source-map-js/-/source-map-js-1.0.2.tgz#adbc361d9c62df380125e7f161f71c826f1e490c"
  integrity sha512-R0XvVJ9WusLiqTCEiGCmICCMplcCkIwwR11mOSD9CR5u+IXYdiseeEuXCVAjS54zqwkLcPNnmU4OeJ6tUrWhDw==

streamsearch@^1.1.0:
  version "1.1.0"
  resolved "https://registry.yarnpkg.com/streamsearch/-/streamsearch-1.1.0.tgz#404dd1e2247ca94af554e841a8ef0eaa238da764"
  integrity sha512-Mcc5wHehp9aXz1ax6bZUyY5afg9u2rv5cqQI3mRrYkGC8rW2hM02jWuwjtL++LS5qinSyhj2QfLyNsuc+VsExg==

styled-jsx@5.1.1:
  version "5.1.1"
  resolved "https://registry.yarnpkg.com/styled-jsx/-/styled-jsx-5.1.1.tgz#839a1c3aaacc4e735fed0781b8619ea5d0009d1f"
  integrity sha512-pW7uC1l4mBZ8ugbiZrcIsiIvVx1UmTfw7UkC3Um2tmfUq9Bhk8IiyEIPl6F8agHgjzku6j0xQEZbfA5uSgSaCw==
  dependencies:
    client-only "0.0.1"

tr46@~0.0.3:
  version "0.0.3"
  resolved "https://registry.yarnpkg.com/tr46/-/tr46-0.0.3.tgz#8184fd347dac9cdc185992f3a6622e14b9d9ab6a"
  integrity sha512-N3WMsuqV66lT30CrXNbEjx4GEwlow3v6rr4mCcv6prnfwhS01rkgyFdjPNBYd9br7LpXV1+Emh01fHnq2Gdgrw==

tslib@^2.4.0:
  version "2.5.0"
  resolved "https://registry.yarnpkg.com/tslib/-/tslib-2.5.0.tgz#42bfed86f5787aeb41d031866c8f402429e0fddf"
  integrity sha512-336iVw3rtn2BUK7ORdIAHTyxHGRIHVReokCR3XjbckJMK7ms8FysBfhLR8IXnAgy7T0PTPNBWKiH514FOW/WSg==

undici@^5.21.0:
  version "5.21.0"
  resolved "https://registry.yarnpkg.com/undici/-/undici-5.21.0.tgz#b00dfc381f202565ab7f52023222ab862bb2494f"
  integrity sha512-HOjK8l6a57b2ZGXOcUsI5NLfoTrfmbOl90ixJDl0AEFG4wgHNDQxtZy15/ZQp7HhjkpaGlp/eneMgtsu1dIlUA==
  dependencies:
    busboy "^1.6.0"

webidl-conversions@^3.0.0:
  version "3.0.1"
  resolved "https://registry.yarnpkg.com/webidl-conversions/-/webidl-conversions-3.0.1.tgz#24534275e2a7bc6be7bc86611cc16ae0a5654871"
  integrity sha512-2JAn3z8AR6rjK8Sm8orRC0h/bcl/DqL7tRPdGZ4I1CjdF+EaMLmYxBHyXuKL849eucPFhvBoxMsflfOb8kxaeQ==

whatwg-url@^5.0.0:
  version "5.0.0"
  resolved "https://registry.yarnpkg.com/whatwg-url/-/whatwg-url-5.0.0.tgz#966454e8765462e37644d3626f6742ce8b70965d"
  integrity sha512-saE57nupxk6v3HY35+jzBwYa0rKSy0XR8JSxZPwgLr7ys0IBzhGviA1/TUGJLmSVqs8pb9AnvICXEuOHLprYTw==
  dependencies:
    tr46 "~0.0.3"
    webidl-conversions "^3.0.0"
